
Microsoft Visual Studio Solution File, Format Version 12.00
# Visual Studio Version 17
VisualStudioVersion = 17.10.34607.79
MinimumVisualStudioVersion = 10.0.40219.1
Project("{9A19103F-16F7-4668-BE54-9A1E7A4F7556}") = "CsvWriterSample", "CsvWriterSample\CsvWriterSample.csproj", "{0DE348E0-BA39-4BF6-945E-F9726FB39C04}"
EndProject
Project("{9A19103F-16F7-4668-BE54-9A1E7A4F7556}") = "CsvWriterSample.AOTConsole", "CsvWriterSample.TestConsole\CsvWriterSample.AOTConsole.csproj", "{A075EED5-E0C6-490D-B424-D060850A7C14}"
EndProject
Global
	GlobalSection(SolutionConfigurationPlatforms) = preSolution
		Debug|Any CPU = Debug|Any CPU
		Release|Any CPU = Release|Any CPU
	EndGlobalSection
	GlobalSection(ProjectConfigurationPlatforms) = postSolution
		{0DE348E0-BA39-4BF6-945E-F9726FB39C04}.Debug|Any CPU.ActiveCfg = Debug|Any CPU
		{0DE348E0-BA39-4BF6-945E-F9726FB39C04}.Debug|Any CPU.Build.0 = Debug|Any CPU
		{0DE348E0-BA39-4BF6-945E-F9726FB39C04}.Release|Any CPU.ActiveCfg = Release|Any CPU
		{0DE348E0-BA39-4BF6-945E-F9726FB39C04}.Release|Any CPU.Build.0 = Release|Any CPU
		{A075EED5-E0C6-490D-B424-D060850A7C14}.Debug|Any CPU.ActiveCfg = Debug|Any CPU
		{A075EED5-E0C6-490D-B424-D060850A7C14}.Debug|Any CPU.Build.0 = Debug|Any CPU
		{A075EED5-E0C6-490D-B424-D060850A7C14}.Release|Any CPU.ActiveCfg = Release|Any CPU
		{A075EED5-E0C6-490D-B424-D060850A7C14}.Release|Any CPU.Build.0 = Release|Any CPU
	EndGlobalSection
	GlobalSection(SolutionProperties) = preSolution
		HideSolutionNode = FALSE
	EndGlobalSection
	GlobalSection(ExtensibilityGlobals) = postSolution
		SolutionGuid = {D812E3A6-C17F-4ADD-A6D4-C5C21B541FD0}
	EndGlobalSection
EndGlobal
