
Microsoft Visual Studio Solution File, Format Version 12.00
# Visual Studio Version 17
VisualStudioVersion = 17.10.34607.79
MinimumVisualStudioVersion = 10.0.40219.1
Project("{9A19103F-16F7-4668-BE54-9A1E7A4F7556}") = "SourceGeneration.SystemTextJson.Sample", "SourceGeneration.SystemTextJson\SourceGeneration.SystemTextJson.Sample.csproj", "{87B9E4A2-16A4-4441-A845-E6D6E34BAD19}"
EndProject
Global
	GlobalSection(SolutionConfigurationPlatforms) = preSolution
		Debug|Any CPU = Debug|Any CPU
		Release|Any CPU = Release|Any CPU
	EndGlobalSection
	GlobalSection(ProjectConfigurationPlatforms) = postSolution
		{87B9E4A2-16A4-4441-A845-E6D6E34BAD19}.Debug|Any CPU.ActiveCfg = Debug|Any CPU
		{87B9E4A2-16A4-4441-A845-E6D6E34BAD19}.Debug|Any CPU.Build.0 = Debug|Any CPU
		{87B9E4A2-16A4-4441-A845-E6D6E34BAD19}.Release|Any CPU.ActiveCfg = Release|Any CPU
		{87B9E4A2-16A4-4441-A845-E6D6E34BAD19}.Release|Any CPU.Build.0 = Release|Any CPU
	EndGlobalSection
	GlobalSection(SolutionProperties) = preSolution
		HideSolutionNode = FALSE
	EndGlobalSection
	GlobalSection(ExtensibilityGlobals) = postSolution
		SolutionGuid = {83CD82A9-6B41-47AB-9598-2CE5EDF79146}
	EndGlobalSection
EndGlobal
