
Microsoft Visual Studio Solution File, Format Version 12.00
# Visual Studio Version 17
VisualStudioVersion = 17.10.34607.79
MinimumVisualStudioVersion = 10.0.40219.1
Project("{9A19103F-16F7-4668-BE54-9A1E7A4F7556}") = "CreateInstance", "CreateInstance\CreateInstance.csproj", "{9963701E-1ECA-4B8B-B459-21A9FF45265D}"
EndProject
Project("{9A19103F-16F7-4668-BE54-9A1E7A4F7556}") = "BasicSample", "BasicSample\BasicSample.csproj", "{76E1B0EE-1493-47C6-A984-DD1982EEAD02}"
EndProject
Global
	GlobalSection(SolutionConfigurationPlatforms) = preSolution
		Debug|Any CPU = Debug|Any CPU
		Release|Any CPU = Release|Any CPU
	EndGlobalSection
	GlobalSection(ProjectConfigurationPlatforms) = postSolution
		{9963701E-1ECA-4B8B-B459-21A9FF45265D}.Debug|Any CPU.ActiveCfg = Debug|Any CPU
		{9963701E-1ECA-4B8B-B459-21A9FF45265D}.Debug|Any CPU.Build.0 = Debug|Any CPU
		{9963701E-1ECA-4B8B-B459-21A9FF45265D}.Release|Any CPU.ActiveCfg = Release|Any CPU
		{9963701E-1ECA-4B8B-B459-21A9FF45265D}.Release|Any CPU.Build.0 = Release|Any CPU
		{76E1B0EE-1493-47C6-A984-DD1982EEAD02}.Debug|Any CPU.ActiveCfg = Debug|Any CPU
		{76E1B0EE-1493-47C6-A984-DD1982EEAD02}.Debug|Any CPU.Build.0 = Debug|Any CPU
		{76E1B0EE-1493-47C6-A984-DD1982EEAD02}.Release|Any CPU.ActiveCfg = Release|Any CPU
		{76E1B0EE-1493-47C6-A984-DD1982EEAD02}.Release|Any CPU.Build.0 = Release|Any CPU
	EndGlobalSection
	GlobalSection(SolutionProperties) = preSolution
		HideSolutionNode = FALSE
	EndGlobalSection
	GlobalSection(ExtensibilityGlobals) = postSolution
		SolutionGuid = {CE9FD1C8-001E-47D7-8B01-396B3099658E}
	EndGlobalSection
EndGlobal
