
Microsoft Visual Studio Solution File, Format Version 12.00
# Visual Studio Version 17
VisualStudioVersion = 17.10.34607.79
MinimumVisualStudioVersion = 10.0.40219.1
Project("{FAE04EC0-301F-11D3-BF4B-00C04F79EFBC}") = "SourceGeneration.AutoMapper", "SourceGeneration.AutoMapper\SourceGeneration.AutoMapper.csproj", "{A21932FA-0D10-4118-A080-F09AFE067E41}"
EndProject
Project("{FAE04EC0-301F-11D3-BF4B-00C04F79EFBC}") = "SourceGeneration.AutoMapper.Sample", "SourceGeneration.AutoMapper.Sample\SourceGeneration.AutoMapper.Sample.csproj", "{983E77BD-9D07-4E4C-84CE-0F91C434C755}"
EndProject
Global
	GlobalSection(SolutionConfigurationPlatforms) = preSolution
		Debug|Any CPU = Debug|Any CPU
		Release|Any CPU = Release|Any CPU
	EndGlobalSection
	GlobalSection(ProjectConfigurationPlatforms) = postSolution
		{A21932FA-0D10-4118-A080-F09AFE067E41}.Debug|Any CPU.ActiveCfg = Debug|Any CPU
		{A21932FA-0D10-4118-A080-F09AFE067E41}.Debug|Any CPU.Build.0 = Debug|Any CPU
		{A21932FA-0D10-4118-A080-F09AFE067E41}.Release|Any CPU.ActiveCfg = Release|Any CPU
		{A21932FA-0D10-4118-A080-F09AFE067E41}.Release|Any CPU.Build.0 = Release|Any CPU
		{983E77BD-9D07-4E4C-84CE-0F91C434C755}.Debug|Any CPU.ActiveCfg = Debug|Any CPU
		{983E77BD-9D07-4E4C-84CE-0F91C434C755}.Debug|Any CPU.Build.0 = Debug|Any CPU
		{983E77BD-9D07-4E4C-84CE-0F91C434C755}.Release|Any CPU.ActiveCfg = Release|Any CPU
		{983E77BD-9D07-4E4C-84CE-0F91C434C755}.Release|Any CPU.Build.0 = Release|Any CPU
	EndGlobalSection
	GlobalSection(SolutionProperties) = preSolution
		HideSolutionNode = FALSE
	EndGlobalSection
	GlobalSection(ExtensibilityGlobals) = postSolution
		SolutionGuid = {83CD82A9-6B41-47AB-9598-2CE5EDF79146}
	EndGlobalSection
EndGlobal
